
Microsoft Visual Studio Solution File, Format Version 12.00
# Visual Studio Version 16
VisualStudioVersion = 16.0.31205.134
MinimumVisualStudioVersion = 10.0.40219.1
Project("{FAE04EC0-301F-11D3-BF4B-00C04F79EFBC}") = "InvalidFormat", "InvalidFormat\InvalidFormat.csproj", "{77831A8E-8955-4870-8B7D-1469862E2629}"
EndProject
Global
	GlobalSection(SolutionConfigurationPlatforms) = preSolution
		Debug|Any CPU = Debug|Any CPU
		Release|Any CPU = Release|Any CPU
	EndGlobalSection
	GlobalSection(ProjectConfigurationPlatforms) = postSolution
		{77831A8E-8955-4870-8B7D-1469862E2629}.Debug|Any CPU.ActiveCfg = Debug|Any CPU
		{77831A8E-8955-4870-8B7D-1469862E2629}.Debug|Any CPU.Build.0 = Debug|Any CPU
		{77831A8E-8955-4870-8B7D-1469862E2629}.Release|Any CPU.ActiveCfg = Release|Any CPU
		{77831A8E-8955-4870-8B7D-1469862E2629}.Release|Any CPU.Build.0 = Release|Any CPU
	EndGlobalSection
	GlobalSection(SolutionProperties) = preSolution
		HideSolutionNode = FALSE
	EndGlobalSection
	GlobalSection(ExtensibilityGlobals) = postSolution
		SolutionGuid = {AD655E92-3A0A-4A33-8DB4-5080F22B09F3}
	EndGlobalSection
EndGlobal
